PODS:
  - ASN1Decoder (1.8.0)
  - boost (1.76.0)
  - DoubleConversion (1.1.6)
  - EASClient (0.3.0):
    - ExpoModulesCore
  - EXApplication (4.2.2):
    - ExpoModulesCore
  - EXBarCodeScanner (11.4.0):
    - EXImageLoader
    - ExpoModulesCore
    - ZXingObjC/OneD
    - ZXingObjC/PDF417
  - EXCamera (12.3.0):
    - ExpoModulesCore
  - EXConstants (13.2.2):
    - ExpoModulesCore
  - EXDevice (4.3.0):
    - ExpoModulesCore
  - EXErrorRecovery (3.2.0):
    - ExpoModulesCore
  - EXFileSystem (14.1.0):
    - ExpoModulesCore
  - EXFont (10.2.0):
    - ExpoModulesCore
  - EXImageLoader (3.2.0):
    - ExpoModulesCore
    - React-Core
  - EXJSONUtils (0.3.0)
  - EXManifests (0.3.0):
    - EXJSONUtils
  - EXNotifications (0.16.1):
    - ExpoModulesCore
  - Expo (46.0.0-beta.6):
    - ExpoModulesCore
  - expo-dev-client (1.1.1):
    - EXManifests
    - expo-dev-launcher
    - expo-dev-menu
    - expo-dev-menu-interface
    - EXUpdatesInterface
  - expo-dev-launcher (1.1.1):
    - EXManifests
    - expo-dev-launcher/Main (= 1.1.1)
    - expo-dev-menu
    - expo-dev-menu-interface
    - ExpoModulesCore
    - EXUpdatesInterface
    - React-Core
  - expo-dev-launcher/Main (1.1.1):
    - EXManifests
    - expo-dev-launcher/Unsafe
    - expo-dev-menu
    - expo-dev-menu-interface
    - ExpoModulesCore
    - EXUpdatesInterface
    - React-Core
  - expo-dev-launcher/Unsafe (1.1.1):
    - EXManifests
    - expo-dev-menu
    - expo-dev-menu-interface
    - ExpoModulesCore
    - EXUpdatesInterface
    - React-Core
  - expo-dev-menu (1.1.1):
    - expo-dev-menu/Main (= 1.1.1)
  - expo-dev-menu-interface (0.7.1)
  - expo-dev-menu/GestureHandler (1.1.1)
  - expo-dev-menu/Main (1.1.1):
    - EXManifests
    - expo-dev-menu-interface
    - expo-dev-menu/Vendored
    - ExpoModulesCore
    - React-Core
  - expo-dev-menu/Reanimated (1.1.1):
    - DoubleConversion
    - FBLazyVector
    - FBReactNativeSpec
    - glog
    - RCT-Folly
    - RCTRequired
    - RCTTypeSafety
    - React-callinvoker
    - React-Core
    - React-Core/DevSupport
    - React-Core/RCTWebSocket
    - React-CoreModules
    - React-cxxreact
    - React-jsi
    - React-jsiexecutor
    - React-jsinspector
    - React-RCTActionSheet
    - React-RCTAnimation
    - React-RCTBlob
    - React-RCTImage
    - React-RCTLinking
    - React-RCTNetwork
    - React-RCTSettings
    - React-RCTText
    - React-RCTVibration
    - ReactCommon/turbomodule/core
    - Yoga
  - expo-dev-menu/SafeAreaView (1.1.1)
  - expo-dev-menu/Vendored (1.1.1):
    - expo-dev-menu/GestureHandler
    - expo-dev-menu/Reanimated
    - expo-dev-menu/SafeAreaView
  - ExpoHaptics (11.3.0):
    - ExpoModulesCore
  - ExpoKeepAwake (10.2.0):
    - ExpoModulesCore
  - ExpoLinearGradient (11.4.0):
    - ExpoModulesCore
  - ExpoModulesCore (0.11.3):
    - React-Core
    - ReactCommon/turbomodule/core
  - EXSplashScreen (0.16.1):
    - ExpoModulesCore
    - React-Core
  - EXStructuredHeaders (2.2.1)
  - EXUpdates (0.14.2):
    - ASN1Decoder (~> 1.8)
    - EASClient
    - EXManifests
    - ExpoModulesCore
    - EXStructuredHeaders
    - EXUpdatesInterface
    - React-Core
  - EXUpdatesInterface (0.7.0)
  - FBLazyVector (0.69.2)
  - FBReactNativeSpec (0.69.2):
    - RCT-Folly (= 2021.06.28.00-v2)
    - RCTRequired (= 0.69.2)
    - RCTTypeSafety (= 0.69.2)
    - React-Core (= 0.69.2)
    - React-jsi (= 0.69.2)
    - ReactCommon/turbomodule/core (= 0.69.2)
  - fmt (6.2.1)
  - glog (0.3.5)
  - hermes-engine (0.69.1)
  - libevent (2.1.12)
  - RCT-Folly (2021.06.28.00-v2):
    - boost
    - DoubleConversion
    - fmt (~> 6.2.1)
    - glog
    - RCT-Folly/Default (= 2021.06.28.00-v2)
  - RCT-Folly/Default (2021.06.28.00-v2):
    - boost
    - DoubleConversion
    - fmt (~> 6.2.1)
    - glog
  - RCT-Folly/Futures (2021.06.28.00-v2):
    - boost
    - DoubleConversion
    - fmt (~> 6.2.1)
    - glog
    - libevent
  - RCTRequired (0.69.2)
  - RCTTypeSafety (0.69.2):
    - FBLazyVector (= 0.69.2)
    - RCTRequired (= 0.69.2)
    - React-Core (= 0.69.2)
  - React (0.69.2):
    - React-Core (= 0.69.2)
    - React-Core/DevSupport (= 0.69.2)
    - React-Core/RCTWebSocket (= 0.69.2)
    - React-RCTActionSheet (= 0.69.2)
    - React-RCTAnimation (= 0.69.2)
    - React-RCTBlob (= 0.69.2)
    - React-RCTImage (= 0.69.2)
    - React-RCTLinking (= 0.69.2)
    - React-RCTNetwork (= 0.69.2)
    - React-RCTSettings (= 0.69.2)
    - React-RCTText (= 0.69.2)
    - React-RCTVibration (= 0.69.2)
  - React-bridging (0.69.2):
    - RCT-Folly (= 2021.06.28.00-v2)
    - React-jsi (= 0.69.2)
  - React-callinvoker (0.69.2)
  - React-Codegen (0.69.2):
    - FBReactNativeSpec (= 0.69.2)
    - RCT-Folly (= 2021.06.28.00-v2)
    - RCTRequired (= 0.69.2)
    - RCTTypeSafety (= 0.69.2)
    - React-Core (= 0.69.2)
    - React-jsi (= 0.69.2)
    - React-jsiexecutor (= 0.69.2)
    - ReactCommon/turbomodule/core (= 0.69.2)
  - React-Core (0.69.2):
    - glog
    - RCT-Folly (= 2021.06.28.00-v2)
    - React-Core/Default (= 0.69.2)
    - React-cxxreact (= 0.69.2)
    - React-jsi (= 0.69.2)
    - React-jsiexecutor (= 0.69.2)
    - React-perflogger (= 0.69.2)
    - Yoga
  - React-Core/CoreModulesHeaders (0.69.2):
    - glog
    - RCT-Folly (= 2021.06.28.00-v2)
    - React-Core/Default
    - React-cxxreact (= 0.69.2)
    - React-jsi (= 0.69.2)
    - React-jsiexecutor (= 0.69.2)
    - React-perflogger (= 0.69.2)
    - Yoga
  - React-Core/Default (0.69.2):
    - glog
    - RCT-Folly (= 2021.06.28.00-v2)
    - React-cxxreact (= 0.69.2)
    - React-jsi (= 0.69.2)
    - React-jsiexecutor (= 0.69.2)
    - React-perflogger (= 0.69.2)
    - Yoga
  - React-Core/DevSupport (0.69.2):
    - glog
    - RCT-Folly (= 2021.06.28.00-v2)
    - React-Core/Default (= 0.69.2)
    - React-Core/RCTWebSocket (= 0.69.2)
    - React-cxxreact (= 0.69.2)
    - React-jsi (= 0.69.2)
    - React-jsiexecutor (= 0.69.2)
    - React-jsinspector (= 0.69.2)
    - React-perflogger (= 0.69.2)
    - Yoga
  - React-Core/RCTActionSheetHeaders (0.69.2):
    - glog
    - RCT-Folly (= 2021.06.28.00-v2)
    - React-Core/Default
    - React-cxxreact (= 0.69.2)
    - React-jsi (= 0.69.2)
    - React-jsiexecutor (= 0.69.2)
    - React-perflogger (= 0.69.2)
    - Yoga
  - React-Core/RCTAnimationHeaders (0.69.2):
    - glog
    - RCT-Folly (= 2021.06.28.00-v2)
    - React-Core/Default
    - React-cxxreact (= 0.69.2)
    - React-jsi (= 0.69.2)
    - React-jsiexecutor (= 0.69.2)
    - React-perflogger (= 0.69.2)
    - Yoga
  - React-Core/RCTBlobHeaders (0.69.2):
    - glog
    - RCT-Folly (= 2021.06.28.00-v2)
    - React-Core/Default
    - React-cxxreact (= 0.69.2)
    - React-jsi (= 0.69.2)
    - React-jsiexecutor (= 0.69.2)
    - React-perflogger (= 0.69.2)
    - Yoga
  - React-Core/RCTImageHeaders (0.69.2):
    - glog
    - RCT-Folly (= 2021.06.28.00-v2)
    - React-Core/Default
    - React-cxxreact (= 0.69.2)
    - React-jsi (= 0.69.2)
    - React-jsiexecutor (= 0.69.2)
    - React-perflogger (= 0.69.2)
    - Yoga
  - React-Core/RCTLinkingHeaders (0.69.2):
    - glog
    - RCT-Folly (= 2021.06.28.00-v2)
    - React-Core/Default
    - React-cxxreact (= 0.69.2)
    - React-jsi (= 0.69.2)
    - React-jsiexecutor (= 0.69.2)
    - React-perflogger (= 0.69.2)
    - Yoga
  - React-Core/RCTNetworkHeaders (0.69.2):
    - glog
    - RCT-Folly (= 2021.06.28.00-v2)
    - React-Core/Default
    - React-cxxreact (= 0.69.2)
    - React-jsi (= 0.69.2)
    - React-jsiexecutor (= 0.69.2)
    - React-perflogger (= 0.69.2)
    - Yoga
  - React-Core/RCTSettingsHeaders (0.69.2):
    - glog
    - RCT-Folly (= 2021.06.28.00-v2)
    - React-Core/Default
    - React-cxxreact (= 0.69.2)
    - React-jsi (= 0.69.2)
    - React-jsiexecutor (= 0.69.2)
    - React-perflogger (= 0.69.2)
    - Yoga
  - React-Core/RCTTextHeaders (0.69.2):
    - glog
    - RCT-Folly (= 2021.06.28.00-v2)
    - React-Core/Default
    - React-cxxreact (= 0.69.2)
    - React-jsi (= 0.69.2)
    - React-jsiexecutor (= 0.69.2)
    - React-perflogger (= 0.69.2)
    - Yoga
  - React-Core/RCTVibrationHeaders (0.69.2):
    - glog
    - RCT-Folly (= 2021.06.28.00-v2)
    - React-Core/Default
    - React-cxxreact (= 0.69.2)
    - React-jsi (= 0.69.2)
    - React-jsiexecutor (= 0.69.2)
    - React-perflogger (= 0.69.2)
    - Yoga
  - React-Core/RCTWebSocket (0.69.2):
    - glog
    - RCT-Folly (= 2021.06.28.00-v2)
    - React-Core/Default (= 0.69.2)
    - React-cxxreact (= 0.69.2)
    - React-jsi (= 0.69.2)
    - React-jsiexecutor (= 0.69.2)
    - React-perflogger (= 0.69.2)
    - Yoga
  - React-CoreModules (0.69.2):
    - RCT-Folly (= 2021.06.28.00-v2)
    - RCTTypeSafety (= 0.69.2)
    - React-Codegen (= 0.69.2)
    - React-Core/CoreModulesHeaders (= 0.69.2)
    - React-jsi (= 0.69.2)
    - React-RCTImage (= 0.69.2)
    - ReactCommon/turbomodule/core (= 0.69.2)
  - React-cxxreact (0.69.2):
    - boost (= 1.76.0)
    - DoubleConversion
    - glog
    - RCT-Folly (= 2021.06.28.00-v2)
    - React-callinvoker (= 0.69.2)
    - React-jsi (= 0.69.2)
    - React-jsinspector (= 0.69.2)
    - React-logger (= 0.69.2)
    - React-perflogger (= 0.69.2)
    - React-runtimeexecutor (= 0.69.2)
  - React-hermes (0.69.2):
    - DoubleConversion
    - glog
    - hermes-engine
    - RCT-Folly (= 2021.06.28.00-v2)
    - RCT-Folly/Futures (= 2021.06.28.00-v2)
    - React-cxxreact (= 0.69.2)
    - React-jsi (= 0.69.2)
    - React-jsiexecutor (= 0.69.2)
    - React-jsinspector (= 0.69.2)
    - React-perflogger (= 0.69.2)
  - React-jsi (0.69.2):
    - boost (= 1.76.0)
    - DoubleConversion
    - glog
    - RCT-Folly (= 2021.06.28.00-v2)
    - React-jsi/Default (= 0.69.2)
  - React-jsi/Default (0.69.2):
    - boost (= 1.76.0)
    - DoubleConversion
    - glog
    - RCT-Folly (= 2021.06.28.00-v2)
  - React-jsiexecutor (0.69.2):
    - DoubleConversion
    - glog
    - RCT-Folly (= 2021.06.28.00-v2)
    - React-cxxreact (= 0.69.2)
    - React-jsi (= 0.69.2)
    - React-perflogger (= 0.69.2)
  - React-jsinspector (0.69.2)
  - React-logger (0.69.2):
    - glog
  - React-perflogger (0.69.2)
  - React-RCTActionSheet (0.69.2):
    - React-Core/RCTActionSheetHeaders (= 0.69.2)
  - React-RCTAnimation (0.69.2):
    - RCT-Folly (= 2021.06.28.00-v2)
    - RCTTypeSafety (= 0.69.2)
    - React-Codegen (= 0.69.2)
    - React-Core/RCTAnimationHeaders (= 0.69.2)
    - React-jsi (= 0.69.2)
    - ReactCommon/turbomodule/core (= 0.69.2)
  - React-RCTBlob (0.69.2):
    - RCT-Folly (= 2021.06.28.00-v2)
    - React-Codegen (= 0.69.2)
    - React-Core/RCTBlobHeaders (= 0.69.2)
    - React-Core/RCTWebSocket (= 0.69.2)
    - React-jsi (= 0.69.2)
    - React-RCTNetwork (= 0.69.2)
    - ReactCommon/turbomodule/core (= 0.69.2)
  - React-RCTImage (0.69.2):
    - RCT-Folly (= 2021.06.28.00-v2)
    - RCTTypeSafety (= 0.69.2)
    - React-Codegen (= 0.69.2)
    - React-Core/RCTImageHeaders (= 0.69.2)
    - React-jsi (= 0.69.2)
    - React-RCTNetwork (= 0.69.2)
    - ReactCommon/turbomodule/core (= 0.69.2)
  - React-RCTLinking (0.69.2):
    - React-Codegen (= 0.69.2)
    - React-Core/RCTLinkingHeaders (= 0.69.2)
    - React-jsi (= 0.69.2)
    - ReactCommon/turbomodule/core (= 0.69.2)
  - React-RCTNetwork (0.69.2):
    - RCT-Folly (= 2021.06.28.00-v2)
    - RCTTypeSafety (= 0.69.2)
    - React-Codegen (= 0.69.2)
    - React-Core/RCTNetworkHeaders (= 0.69.2)
    - React-jsi (= 0.69.2)
    - ReactCommon/turbomodule/core (= 0.69.2)
  - React-RCTSettings (0.69.2):
    - RCT-Folly (= 2021.06.28.00-v2)
    - RCTTypeSafety (= 0.69.2)
    - React-Codegen (= 0.69.2)
    - React-Core/RCTSettingsHeaders (= 0.69.2)
    - React-jsi (= 0.69.2)
    - ReactCommon/turbomodule/core (= 0.69.2)
  - React-RCTText (0.69.2):
    - React-Core/RCTTextHeaders (= 0.69.2)
  - React-RCTVibration (0.69.2):
    - RCT-Folly (= 2021.06.28.00-v2)
    - React-Codegen (= 0.69.2)
    - React-Core/RCTVibrationHeaders (= 0.69.2)
    - React-jsi (= 0.69.2)
    - ReactCommon/turbomodule/core (= 0.69.2)
  - React-runtimeexecutor (0.69.2):
    - React-jsi (= 0.69.2)
  - ReactCommon/turbomodule/core (0.69.2):
    - DoubleConversion
    - glog
    - RCT-Folly (= 2021.06.28.00-v2)
    - React-bridging (= 0.69.2)
    - React-callinvoker (= 0.69.2)
    - React-Core (= 0.69.2)
    - React-cxxreact (= 0.69.2)
    - React-jsi (= 0.69.2)
    - React-logger (= 0.69.2)
    - React-perflogger (= 0.69.2)
  - Yoga (1.14.0)
  - ZXingObjC/Core (3.6.5)
  - ZXingObjC/OneD (3.6.5):
    - ZXingObjC/Core
  - ZXingObjC/PDF417 (3.6.5):
    - ZXingObjC/Core

DEPENDENCIES:
  - boost (from `../node_modules/react-native/third-party-podspecs/boost.podspec`)
  - DoubleConversion (from `../node_modules/react-native/third-party-podspecs/DoubleConversion.podspec`)
  - EASClient (from `../node_modules/expo-eas-client/ios`)
  - EXApplication (from `../node_modules/expo-application/ios`)
  - EXBarCodeScanner (from `../node_modules/expo-barcode-scanner/ios`)
  - EXCamera (from `../node_modules/expo-camera/ios`)
  - EXConstants (from `../node_modules/expo-constants/ios`)
  - EXDevice (from `../node_modules/expo-device/ios`)
  - EXErrorRecovery (from `../node_modules/expo-error-recovery/ios`)
  - EXFileSystem (from `../node_modules/expo-file-system/ios`)
  - EXFont (from `../node_modules/expo-font/ios`)
  - EXImageLoader (from `../node_modules/expo-image-loader/ios`)
  - EXJSONUtils (from `../node_modules/expo-json-utils/ios`)
  - EXManifests (from `../node_modules/expo-manifests/ios`)
  - EXNotifications (from `../node_modules/expo-notifications/ios`)
  - Expo (from `../node_modules/expo`)
  - expo-dev-client (from `../node_modules/expo-dev-client/ios`)
  - expo-dev-launcher (from `../node_modules/expo-dev-launcher`)
  - expo-dev-menu (from `../node_modules/expo-dev-menu`)
  - expo-dev-menu-interface (from `../node_modules/expo-dev-menu-interface/ios`)
  - ExpoHaptics (from `../node_modules/expo-haptics/ios`)
  - ExpoKeepAwake (from `../node_modules/expo-keep-awake/ios`)
  - ExpoLinearGradient (from `../node_modules/expo-linear-gradient/ios`)
  - ExpoModulesCore (from `../node_modules/expo-modules-core/ios`)
  - EXSplashScreen (from `../node_modules/expo-splash-screen/ios`)
  - EXStructuredHeaders (from `../node_modules/expo-structured-headers/ios`)
  - EXUpdates (from `../node_modules/expo-updates/ios`)
  - EXUpdatesInterface (from `../node_modules/expo-updates-interface/ios`)
  - FBLazyVector (from `../node_modules/react-native/Libraries/FBLazyVector`)
  - FBReactNativeSpec (from `../node_modules/react-native/React/FBReactNativeSpec`)
  - glog (from `../node_modules/react-native/third-party-podspecs/glog.podspec`)
  - hermes-engine (from `../node_modules/react-native/sdks/hermes/hermes-engine.podspec`)
  - libevent (~> 2.1.12)
  - RCT-Folly (from `../node_modules/react-native/third-party-podspecs/RCT-Folly.podspec`)
  - RCTRequired (from `../node_modules/react-native/Libraries/RCTRequired`)
  - RCTTypeSafety (from `../node_modules/react-native/Libraries/TypeSafety`)
  - React (from `../node_modules/react-native/`)
  - React-bridging (from `../node_modules/react-native/ReactCommon`)
  - React-callinvoker (from `../node_modules/react-native/ReactCommon/callinvoker`)
  - React-Codegen (from `build/generated/ios`)
  - React-Core (from `../node_modules/react-native/`)
  - React-Core/RCTWebSocket (from `../node_modules/react-native/`)
  - React-CoreModules (from `../node_modules/react-native/React/CoreModules`)
  - React-cxxreact (from `../node_modules/react-native/ReactCommon/cxxreact`)
  - React-hermes (from `../node_modules/react-native/ReactCommon/hermes`)
  - React-jsi (from `../node_modules/react-native/ReactCommon/jsi`)
  - React-jsiexecutor (from `../node_modules/react-native/ReactCommon/jsiexecutor`)
  - React-jsinspector (from `../node_modules/react-native/ReactCommon/jsinspector`)
  - React-logger (from `../node_modules/react-native/ReactCommon/logger`)
  - React-perflogger (from `../node_modules/react-native/ReactCommon/reactperflogger`)
  - React-RCTActionSheet (from `../node_modules/react-native/Libraries/ActionSheetIOS`)
  - React-RCTAnimation (from `../node_modules/react-native/Libraries/NativeAnimation`)
  - React-RCTBlob (from `../node_modules/react-native/Libraries/Blob`)
  - React-RCTImage (from `../node_modules/react-native/Libraries/Image`)
  - React-RCTLinking (from `../node_modules/react-native/Libraries/LinkingIOS`)
  - React-RCTNetwork (from `../node_modules/react-native/Libraries/Network`)
  - React-RCTSettings (from `../node_modules/react-native/Libraries/Settings`)
  - React-RCTText (from `../node_modules/react-native/Libraries/Text`)
  - React-RCTVibration (from `../node_modules/react-native/Libraries/Vibration`)
  - React-runtimeexecutor (from `../node_modules/react-native/ReactCommon/runtimeexecutor`)
  - ReactCommon/turbomodule/core (from `../node_modules/react-native/ReactCommon`)
  - Yoga (from `../node_modules/react-native/ReactCommon/yoga`)

SPEC REPOS:
  trunk:
    - ASN1Decoder
    - fmt
    - libevent
    - ZXingObjC

EXTERNAL SOURCES:
  boost:
    :podspec: "../node_modules/react-native/third-party-podspecs/boost.podspec"
  DoubleConversion:
    :podspec: "../node_modules/react-native/third-party-podspecs/DoubleConversion.podspec"
  EASClient:
    :path: "../node_modules/expo-eas-client/ios"
  EXApplication:
    :path: "../node_modules/expo-application/ios"
  EXBarCodeScanner:
    :path: "../node_modules/expo-barcode-scanner/ios"
  EXCamera:
    :path: "../node_modules/expo-camera/ios"
  EXConstants:
    :path: "../node_modules/expo-constants/ios"
  EXDevice:
    :path: "../node_modules/expo-device/ios"
  EXErrorRecovery:
    :path: "../node_modules/expo-error-recovery/ios"
  EXFileSystem:
    :path: "../node_modules/expo-file-system/ios"
  EXFont:
    :path: "../node_modules/expo-font/ios"
  EXImageLoader:
    :path: "../node_modules/expo-image-loader/ios"
  EXJSONUtils:
    :path: "../node_modules/expo-json-utils/ios"
  EXManifests:
    :path: "../node_modules/expo-manifests/ios"
  EXNotifications:
    :path: "../node_modules/expo-notifications/ios"
  Expo:
    :path: "../node_modules/expo"
  expo-dev-client:
    :path: "../node_modules/expo-dev-client/ios"
  expo-dev-launcher:
    :path: "../node_modules/expo-dev-launcher"
  expo-dev-menu:
    :path: "../node_modules/expo-dev-menu"
  expo-dev-menu-interface:
    :path: "../node_modules/expo-dev-menu-interface/ios"
  ExpoHaptics:
    :path: "../node_modules/expo-haptics/ios"
  ExpoKeepAwake:
    :path: "../node_modules/expo-keep-awake/ios"
  ExpoLinearGradient:
    :path: "../node_modules/expo-linear-gradient/ios"
  ExpoModulesCore:
    :path: "../node_modules/expo-modules-core/ios"
  EXSplashScreen:
    :path: "../node_modules/expo-splash-screen/ios"
  EXStructuredHeaders:
    :path: "../node_modules/expo-structured-headers/ios"
  EXUpdates:
    :path: "../node_modules/expo-updates/ios"
  EXUpdatesInterface:
    :path: "../node_modules/expo-updates-interface/ios"
  FBLazyVector:
    :path: "../node_modules/react-native/Libraries/FBLazyVector"
  FBReactNativeSpec:
    :path: "../node_modules/react-native/React/FBReactNativeSpec"
  glog:
    :podspec: "../node_modules/react-native/third-party-podspecs/glog.podspec"
  hermes-engine:
    :podspec: "../node_modules/react-native/sdks/hermes/hermes-engine.podspec"
  RCT-Folly:
    :podspec: "../node_modules/react-native/third-party-podspecs/RCT-Folly.podspec"
  RCTRequired:
    :path: "../node_modules/react-native/Libraries/RCTRequired"
  RCTTypeSafety:
    :path: "../node_modules/react-native/Libraries/TypeSafety"
  React:
    :path: "../node_modules/react-native/"
  React-bridging:
    :path: "../node_modules/react-native/ReactCommon"
  React-callinvoker:
    :path: "../node_modules/react-native/ReactCommon/callinvoker"
  React-Codegen:
    :path: build/generated/ios
  React-Core:
    :path: "../node_modules/react-native/"
  React-CoreModules:
    :path: "../node_modules/react-native/React/CoreModules"
  React-cxxreact:
    :path: "../node_modules/react-native/ReactCommon/cxxreact"
  React-hermes:
    :path: "../node_modules/react-native/ReactCommon/hermes"
  React-jsi:
    :path: "../node_modules/react-native/ReactCommon/jsi"
  React-jsiexecutor:
    :path: "../node_modules/react-native/ReactCommon/jsiexecutor"
  React-jsinspector:
    :path: "../node_modules/react-native/ReactCommon/jsinspector"
  React-logger:
    :path: "../node_modules/react-native/ReactCommon/logger"
  React-perflogger:
    :path: "../node_modules/react-native/ReactCommon/reactperflogger"
  React-RCTActionSheet:
    :path: "../node_modules/react-native/Libraries/ActionSheetIOS"
  React-RCTAnimation:
    :path: "../node_modules/react-native/Libraries/NativeAnimation"
  React-RCTBlob:
    :path: "../node_modules/react-native/Libraries/Blob"
  React-RCTImage:
    :path: "../node_modules/react-native/Libraries/Image"
  React-RCTLinking:
    :path: "../node_modules/react-native/Libraries/LinkingIOS"
  React-RCTNetwork:
    :path: "../node_modules/react-native/Libraries/Network"
  React-RCTSettings:
    :path: "../node_modules/react-native/Libraries/Settings"
  React-RCTText:
    :path: "../node_modules/react-native/Libraries/Text"
  React-RCTVibration:
    :path: "../node_modules/react-native/Libraries/Vibration"
  React-runtimeexecutor:
    :path: "../node_modules/react-native/ReactCommon/runtimeexecutor"
  ReactCommon:
    :path: "../node_modules/react-native/ReactCommon"
  Yoga:
    :path: "../node_modules/react-native/ReactCommon/yoga"

SPEC CHECKSUMS:
  ASN1Decoder: 6110fdeacfdb41559b1481457a1645be716610aa
  boost: a7c83b31436843459a1961bfd74b96033dc77234
  DoubleConversion: 831926d9b8bf8166fd87886c4abab286c2422662
  EASClient: a2581835cf9b97d0defd5d630fc6eb1bf77045e7
  EXApplication: e418d737a036e788510f2c4ad6c10a7d54d18586
  EXBarCodeScanner: 8e13bad5d197b4b9a58d16af41f8690875a5f736
  EXCamera: 9f8303a52b2027e007174c2068c2ac76ff41d974
  EXConstants: 190bee713ca3659b41d93aa3ee25af10aa50d833
  EXDevice: 7647ca9b1fd8b269dfd896a7643d659343358054
  EXErrorRecovery: 74d71ee59f6814315457b09d68e86aa95cc7d05d
  EXFileSystem: 927e0a8885aa9c49e50fc38eaba2c2389f2f1019
  EXFont: a5d80bd9b3452b2d5abbce2487da89b0150e6487
  EXImageLoader: b88e053d760f85a82405b1db2de4abf11978fc9f
  EXJSONUtils: 2a74b8f40f1523cc3f92af99c91aa78201737a77
  EXManifests: 0c6134b7b6f3236a93a778c3f44ba1cfb3f9fa3d
  EXNotifications: 9a2aa201deb19dfe1dbe0e370eeb2922de0d2422
  Expo: 5961b98e58f99a0daadae52fbc5ea92d3fc7f896
  expo-dev-client: b2b9124ff8cab657d9edffee3d46e48a90eac8d2
  expo-dev-launcher: e1eff308b69593cf37a84ce130fda99313828ada
  expo-dev-menu: f12ade8672206e00ff7c761c423cb7782d1fc241
  expo-dev-menu-interface: 74897b3e648ea6d911ac7a12df03eb3969383e8e
  ExpoHaptics: efe9e68e9dfe0d15c183c0c70a25f3874124ab9e
  ExpoKeepAwake: 0e8f18142e71bbf2c7f6aa66ebed249ba1420320
  ExpoLinearGradient: 1a3af07c6dab3c612967a294836df9ae717431df
  ExpoModulesCore: 8303cc952788be09fc6eab62815d257016ae6dec
  EXSplashScreen: 31ab6df6d23e97e074d1330224741979943f1d82
  EXStructuredHeaders: 5d86829469399370a9fc7cb1e4391b09de87681d
  EXUpdates: c60841bd5e3a2f0b9dbc271886636098145ac0e1
  EXUpdatesInterface: 2bbc11815dfa2ec3fc02e5534c7592c6b42b5327
  FBLazyVector: e3c1479be506060131807f2f2435af5107c58410
  FBReactNativeSpec: 1381e8c4230895b6c2d20cea6b216ac7096a95f0
  fmt: ff9d55029c625d3757ed641535fd4a75fedc7ce9
  glog: 476ee3e89abb49e07f822b48323c51c57124b572
  hermes-engine: ece2bfa9bdb7f77f393cb2b41edf638eb086ec1a
  libevent: 4049cae6c81cdb3654a443be001fb9bdceff7913
  RCT-Folly: 4d8508a426467c48885f1151029bc15fa5d7b3b8
  RCTRequired: b723d4d6da2795df58189a01f92856b6912cf256
  RCTTypeSafety: 3973d2fcf39f43f7819e840d56ea6b2fe45996a0
  React: 242d4ffb093ed57c4761307a69b23b2479930ae9
  React-bridging: 66938204bc9d703b9c357201a40bf498aeb14412
  React-callinvoker: bf0a87845bc3158eec32be848bd9546e79d6dd25
  React-Codegen: e5c04fc987e909433915f247699402ece1955aa0
  React-Core: 5acd5715010b56d23846859b3a68c316dad09d5b
  React-CoreModules: 73db18e3aaf5e29f73e4b7c9ddf6ead823795d06
  React-cxxreact: 0fc57a199d2d69c0e0401c9eab944be9b972bf1b
  React-hermes: 333a943b80725725ddc3f38a8b4d44574628bf01
  React-jsi: f845df5e8fd5688cab3cdaaa06f5413e791a01bd
  React-jsiexecutor: 7c23e92591431ac925f430b3118de934cb816ac0
  React-jsinspector: 31e53f048cc8f32605de36981903a7bbf9456892
  React-logger: 9a6c684d5cd56c4129e0c2842dba75c4bfb1e981
  React-perflogger: 281c34e42f13245c7a4d6932364d9182f8655e1a
  React-RCTActionSheet: 92f4292754a1b4a0e42bf9b1489206a06f878929
  React-RCTAnimation: 2a5bb5549758e4e594481633f3db649d11519f75
  React-RCTBlob: cf573ac95fc612ed4440cad0b92161722430de87
  React-RCTImage: af8b9a46a743937db396fcb43320f57b570661dc
  React-RCTLinking: 81029ed5767d2a2c13c03caeed32f87b72e73838
  React-RCTNetwork: 24c2b13acdcd43af39b2da90584c92e7799ee366
  React-RCTSettings: 028b0e20ff60d2c7ba47cedec8e99e69b6691c40
  React-RCTText: 6d17c2aead07b9de7ddc8765b580d0fb4b1d2e50
  React-RCTVibration: 0d07f00705b5f11e88aaaaf9131f5e1785d4bd6e
  React-runtimeexecutor: 8030b9cf9b9e87b878d92da680b55b5e74c58e70
  ReactCommon: a9414b91f0d19de002b55d9f4f6cb176d6dd8452
  Yoga: 236056dd74cda4d9d76c20306fd8c20bb087614d
  ZXingObjC: fdbb269f25dd2032da343e06f10224d62f537bdb

PODFILE CHECKSUM: 6d9ff462516103cf9d070190e50ccd8674aadfce

COCOAPODS: 1.11.3
